
Microsoft Visual Studio Solution File, Format Version 12.00
# Visual Studio Version 16
VisualStudioVersion = 16.0.29020.237
MinimumVisualStudioVersion = 10.0.40219.1
Project("{FAE04EC0-301F-11D3-BF4B-00C04F79EFBC}") = "WindowsFormsApp1", "WindowsFormsApp1.csproj", "{D9F6D492-6F14-4326-BA93-2202A9EC417A}"
EndProject
Global
	GlobalSection(SolutionConfigurationPlatforms) = preSolution
		Debug|Any CPU = Debug|Any CPU
		Release|Any CPU = Release|Any CPU
	EndGlobalSection
	GlobalSection(ProjectConfigurationPlatforms) = postSolution
		{D9F6D492-6F14-4326-BA93-2202A9EC417A}.Debug|Any CPU.ActiveCfg = Debug|Any CPU
		{D9F6D492-6F14-4326-BA93-2202A9EC417A}.Debug|Any CPU.Build.0 = Debug|Any CPU
		{D9F6D492-6F14-4326-BA93-2202A9EC417A}.Release|Any CPU.ActiveCfg = Release|Any CPU
		{D9F6D492-6F14-4326-BA93-2202A9EC417A}.Release|Any CPU.Build.0 = Release|Any CPU
	EndGlobalSection
	GlobalSection(SolutionProperties) = preSolution
		HideSolutionNode = FALSE
	EndGlobalSection
	GlobalSection(ExtensibilityGlobals) = postSolution
		SolutionGuid = {7262E4D8-9270-4964-B197-2E8758D02397}
	EndGlobalSection
EndGlobal
